// !$*UTF8*$!
{
	archiveVersion = 1;
	classes = {
	};
	objectVersion = 46;
	objects = {

/* Begin PBXBuildFile section */
		C99A67B11CD760720057752D /* main.m in Sources */ = {isa = PBXBuildFile; fileRef = C99A67B01CD760720057752D /* main.m */; };
		C99A67B41CD760720057752D /* AppDelegate.m in Sources */ = {isa = PBXBuildFile; fileRef = C99A67B31CD760720057752D /* AppDelegate.m */; };
		C99A67B71CD760720057752D /* ViewController.m in Sources */ = {isa = PBXBuildFile; fileRef = C99A67B61CD760720057752D /* ViewController.m */; };
		C99A67BA1CD760720057752D /* Main.storyboard in Resources */ = {isa = PBXBuildFile; fileRef = C99A67B81CD760720057752D /* Main.storyboard */; };
		C99A67BC1CD760720057752D /* Assets.xcassets in Resources */ = {isa = PBXBuildFile; fileRef = C99A67BB1CD760720057752D /* Assets.xcassets */; };
		C99A67BF1CD760720057752D /* LaunchScreen.storyboard in Resources */ = {isa = PBXBuildFile; fileRef = C99A67BD1CD760720057752D /* LaunchScreen.storyboard */; };
		C99A67CA1CD760720057752D /* autolayoutTests.m in Sources */ = {isa = PBXBuildFile; fileRef = C99A67C91CD760720057752D /* autolayoutTests.m */; };
		C99A67D51CD760720057752D /* autolayoutUITests.m in Sources */ = {isa = PBXBuildFile; fileRef = C99A67D41CD760720057752D /* autolayoutUITests.m */; };
/* End PBXBuildFile section */

/* Begin PBXContainerItemProxy section */
		C99A67C61CD760720057752D /* PBXContainerItemProxy */ = {
			isa = PBXContainerItemProxy;
			containerPortal = C99A67A41CD760720057752D /* Project object */;
			proxyType = 1;
			remoteGlobalIDString = C99A67AB1CD760720057752D;
			remoteInfo = autolayout;
		};
		C99A67D11CD760720057752D /* PBXContainerItemProxy */ = {
			isa = PBXContainerItemProxy;
			containerPortal = C99A67A41CD760720057752D /* Project object */;
			proxyType = 1;
			remoteGlobalIDString = C99A67AB1CD760720057752D;
			remoteInfo = autolayout;
		};
/* End PBXContainerItemProxy section */

/* Begin PBXFileReference section */
		C99A67AC1CD760720057752D /* autolayout.app */ = {isa = PBXFileReference; explicitFileType = wrapper.application; includeInIndex = 0; path = autolayout.app; sourceTree = BUILT_PRODUCTS_DIR; };
		C99A67B01CD760720057752D /* main.m */ = {isa = PBXFileReference; lastKnownFileType = sourcecode.c.objc; path = main.m; sourceTree = "<group>"; };
		C99A67B21CD760720057752D /* AppDelegate.h */ = {isa = PBXFileReference; lastKnownFileType = sourcecode.c.h; path = AppDelegate.h; sourceTree = "<group>"; };
		C99A67B31CD760720057752D /* AppDelegate.m */ = {isa = PBXFileReference; lastKnownFileType = sourcecode.c.objc; path = AppDelegate.m; sourceTree = "<group>"; };
		C99A67B51CD760720057752D /* ViewController.h */ = {isa = PBXFileReference; lastKnownFileType = sourcecode.c.h; path = ViewController.h; sourceTree = "<group>"; };
		C99A67B61CD760720057752D /* ViewController.m */ = {isa = PBXFileReference; lastKnownFileType = sourcecode.c.objc; path = ViewController.m; sourceTree = "<group>"; };
		C99A67B91CD760720057752D /* Base */ = {isa = PBXFileReference; lastKnownFileType = file.storyboard; name = Base; path = Base.lproj/Main.storyboard; sourceTree = "<group>"; };
		C99A67BB1CD760720057752D /* Assets.xcassets */ = {isa = PBXFileReference; lastKnownFileType = folder.assetcatalog; path = Assets.xcassets; sourceTree = "<group>"; };
		C99A67BE1CD760720057752D /* Base */ = {isa = PBXFileReference; lastKnownFileType = file.storyboard; name = Base; path = Base.lproj/LaunchScreen.storyboard; sourceTree = "<group>"; };
		C99A67C01CD760720057752D /* Info.plist */ = {isa = PBXFileReference; lastKnownFileType = text.plist.xml; path = Info.plist; sourceTree = "<group>"; };
		C99A67C51CD760720057752D /* autolayoutTests.xctest */ = {isa = PBXFileReference; explicitFileType = wrapper.cfbundle; includeInIndex = 0; path = autolayoutTests.xctest; sourceTree = BUILT_PRODUCTS_DIR; };
		C99A67C91CD760720057752D /* autolayoutTests.m */ = {isa = PBXFileReference; lastKnownFileType = sourcecode.c.objc; path = autolayoutTests.m; sourceTree = "<group>"; };
		C99A67CB1CD760720057752D /* Info.plist */ = {isa = PBXFileReference; lastKnownFileType = text.plist.xml; path = Info.plist; sourceTree = "<group>"; };
		C99A67D01CD760720057752D /* autolayoutUITests.xctest */ = {isa = PBXFileReference; explicitFileType = wrapper.cfbundle; includeInIndex = 0; path = autolayoutUITests.xctest; sourceTree = BUILT_PRODUCTS_DIR; };
		C99A67D41CD760720057752D /* autolayoutUITests.m */ = {isa = PBXFileReference; lastKnownFileType = sourcecode.c.objc; path = autolayoutUITests.m; sourceTree = "<group>"; };
		C99A67D61CD760720057752D /* Info.plist */ = {isa = PBXFileReference; lastKnownFileType = text.plist.xml; path = Info.plist; sourceTree = "<group>"; };
/* End PBXFileReference section */

/* Begin PBXFrameworksBuildPhase section */
		C99A67A91CD760720057752D /* Frameworks */ = {
			isa = PBXFrameworksBuildPhase;
			buildActionMask = 2147483647;
			files = (
			);
			runOnlyForDeploymentPostprocessing = 0;
		};
		C99A67C21CD760720057752D /* Frameworks */ = {
			isa = PBXFrameworksBuildPhase;
			buildActionMask = 2147483647;
			files = (
			);
			runOnlyForDeploymentPostprocessing = 0;
		};
		C99A67CD1CD760720057752D /* Frameworks */ = {
			isa = PBXFrameworksBuildPhase;
			buildActionMask = 2147483647;
			files = (
			);
			runOnlyForDeploymentPostprocessing = 0;
		};
/* End PBXFrameworksBuildPhase section */

/* Begin PBXGroup section */
		C99A67A31CD760720057752D = {
			isa = PBXGroup;
			children = (
				C99A67AE1CD760720057752D /* autolayout */,
				C99A67C81CD760720057752D /* autolayoutTests */,
				C99A67D31CD760720057752D /* autolayoutUITests */,
				C99A67AD1CD760720057752D /* Products */,
			);
			sourceTree = "<group>";
		};
		C99A67AD1CD760720057752D /* Products */ = {
			isa = PBXGroup;
			children = (
				C99A67AC1CD760720057752D /* autolayout.app */,
				C99A67C51CD760720057752D /* autolayoutTests.xctest */,
				C99A67D01CD760720057752D /* autolayoutUITests.xctest */,
			);
			name = Products;
			sourceTree = "<group>";
		};
		C99A67AE1CD760720057752D /* autolayout */ = {
			isa = PBXGroup;
			children = (
				C99A67B21CD760720057752D /* AppDelegate.h */,
				C99A67B31CD760720057752D /* AppDelegate.m */,
				C99A67B51CD760720057752D /* ViewController.h */,
				C99A67B61CD760720057752D /* ViewController.m */,
				C99A67B81CD760720057752D /* Main.storyboard */,
				C99A67BB1CD760720057752D /* Assets.xcassets */,
				C99A67BD1CD760720057752D /* LaunchScreen.storyboard */,
				C99A67C01CD760720057752D /* Info.plist */,
				C99A67AF1CD760720057752D /* Supporting Files */,
			);
			path = autolayout;
			sourceTree = "<group>";
		};
		C99A67AF1CD760720057752D /* Supporting Files */ = {
			isa = PBXGroup;
			children = (
				C99A67B01CD760720057752D /* main.m */,
			);
			name = "Supporting Files";
			sourceTree = "<group>";
		};
		C99A67C81CD760720057752D /* autolayoutTests */ = {
			isa = PBXGroup;
			children = (
				C99A67C91CD760720057752D /* autolayoutTests.m */,
				C99A67CB1CD760720057752D /* Info.plist */,
			);
			path = autolayoutTests;
			sourceTree = "<group>";
		};
		C99A67D31CD760720057752D /* autolayoutUITests */ = {
			isa = PBXGroup;
			children = (
				C99A67D41CD760720057752D /* autolayoutUITests.m */,
				C99A67D61CD760720057752D /* Info.plist */,
			);
			path = autolayoutUITests;
			sourceTree = "<group>";
		};
/* End PBXGroup section */

/* Begin PBXNativeTarget section */
		C99A67AB1CD760720057752D /* autolayout */ = {
			isa = PBXNativeTarget;
			buildConfigurationList = C99A67D91CD760720057752D /* Build configuration list for PBXNativeTarget "autolayout" */;
			buildPhases = (
				C99A67A81CD760720057752D /* Sources */,
				C99A67A91CD760720057752D /* Frameworks */,
				C99A67AA1CD760720057752D /* Resources */,
			);
			buildRules = (
			);
			dependencies = (
			);
			name = autolayout;
			productName = autolayout;
			productReference = C99A67AC1CD760720057752D /* autolayout.app */;
			productType = "com.apple.product-type.application";
		};
		C99A67C41CD760720057752D /* autolayoutTests */ = {
			isa = PBXNativeTarget;
			buildConfigurationList = C99A67DC1CD760720057752D /* Build configuration list for PBXNativeTarget "autolayoutTests" */;
			buildPhases = (
				C99A67C11CD760720057752D /* Sources */,
				C99A67C21CD760720057752D /* Frameworks */,
				C99A67C31CD760720057752D /* Resources */,
			);
			buildRules = (
			);
			dependencies = (
				C99A67C71CD760720057752D /* PBXTargetDependency */,
			);
			name = autolayoutTests;
			productName = autolayoutTests;
			productReference = C99A67C51CD760720057752D /* autolayoutTests.xctest */;
			productType = "com.apple.product-type.bundle.unit-test";
		};
		C99A67CF1CD760720057752D /* autolayoutUITests */ = {
			isa = PBXNativeTarget;
			buildConfigurationList = C99A67DF1CD760720057752D /* Build configuration list for PBXNativeTarget "autolayoutUITests" */;
			buildPhases = (
				C99A67CC1CD760720057752D /* Sources */,
				C99A67CD1CD760720057752D /* Frameworks */,
				C99A67CE1CD760720057752D /* Resources */,
			);
			buildRules = (
			);
			dependencies = (
				C99A67D21CD760720057752D /* PBXTargetDependency */,
			);
			name = autolayoutUITests;
			productName = autolayoutUITests;
			productReference = C99A67D01CD760720057752D /* autolayoutUITests.xctest */;
			productType = "com.apple.product-type.bundle.ui-testing";
		};
/* End PBXNativeTarget section */

/* Begin PBXProject section */
		C99A67A41CD760720057752D /* Project object */ = {
			isa = PBXProject;
			attributes = {
				LastUpgradeCheck = 0730;
				ORGANIZATIONNAME = "Matthew Mould";
				TargetAttributes = {
					C99A67AB1CD760720057752D = {
						CreatedOnToolsVersion = 7.3;
					};
					C99A67C41CD760720057752D = {
						CreatedOnToolsVersion = 7.3;
						TestTargetID = C99A67AB1CD760720057752D;
					};
					C99A67CF1CD760720057752D = {
						CreatedOnToolsVersion = 7.3;
						TestTargetID = C99A67AB1CD760720057752D;
					};
				};
			};
			buildConfigurationList = C99A67A71CD760720057752D /* Build configuration list for PBXProject "autolayout" */;
			compatibilityVersion = "Xcode 3.2";
			developmentRegion = English;
			hasScannedForEncodings = 0;
			knownRegions = (
				en,
				Base,
			);
			mainGroup = C99A67A31CD760720057752D;
			productRefGroup = C99A67AD1CD760720057752D /* Products */;
			projectDirPath = "";
			projectRoot = "";
			targets = (
				C99A67AB1CD760720057752D /* autolayout */,
				C99A67C41CD760720057752D /* autolayoutTests */,
				C99A67CF1CD760720057752D /* autolayoutUITests */,
			);
		};
/* End PBXProject section */

/* Begin PBXResourcesBuildPhase section */
		C99A67AA1CD760720057752D /* Resources */ = {
			isa = PBXResourcesBuildPhase;
			buildActionMask = 2147483647;
			files = (
				C99A67BF1CD760720057752D /* LaunchScreen.storyboard in Resources */,
				C99A67BC1CD760720057752D /* Assets.xcassets in Resources */,
				C99A67BA1CD760720057752D /* Main.storyboard in Resources */,
			);
			runOnlyForDeploymentPostprocessing = 0;
		};
		C99A67C31CD760720057752D /* Resources */ = {
			isa = PBXResourcesBuildPhase;
			buildActionMask = 2147483647;
			files = (
			);
			runOnlyForDeploymentPostprocessing = 0;
		};
		C99A67CE1CD760720057752D /* Resources */ = {
			isa = PBXResourcesBuildPhase;
			buildActionMask = 2147483647;
			files = (
			);
			runOnlyForDeploymentPostprocessing = 0;
		};
/* End PBXResourcesBuildPhase section */

/* Begin PBXSourcesBuildPhase section */
		C99A67A81CD760720057752D /* Sources */ = {
			isa = PBXSourcesBuildPhase;
			buildActionMask = 2147483647;
			files = (
				C99A67B71CD760720057752D /* ViewController.m in Sources */,
				C99A67B41CD760720057752D /* AppDelegate.m in Sources */,
				C99A67B11CD760720057752D /* main.m in Sources */,
			);
			runOnlyForDeploymentPostprocessing = 0;
		};
		C99A67C11CD760720057752D /* Sources */ = {
			isa = PBXSourcesBuildPhase;
			buildActionMask = 2147483647;
			files = (
				C99A67CA1CD760720057752D /* autolayoutTests.m in Sources */,
			);
			runOnlyForDeploymentPostprocessing = 0;
		};
		C99A67CC1CD760720057752D /* Sources */ = {
			isa = PBXSourcesBuildPhase;
			buildActionMask = 2147483647;
			files = (
				C99A67D51CD760720057752D /* autolayoutUITests.m in Sources */,
			);
			runOnlyForDeploymentPostprocessing = 0;
		};
/* End PBXSourcesBuildPhase section */

/* Begin PBXTargetDependency section */
		C99A67C71CD760720057752D /* PBXTargetDependency */ = {
			isa = PBXTargetDependency;
			target = C99A67AB1CD760720057752D /* autolayout */;
			targetProxy = C99A67C61CD760720057752D /* PBXContainerItemProxy */;
		};
		C99A67D21CD760720057752D /* PBXTargetDependency */ = {
			isa = PBXTargetDependency;
			target = C99A67AB1CD760720057752D /* autolayout */;
			targetProxy = C99A67D11CD760720057752D /* PBXContainerItemProxy */;
		};
/* End PBXTargetDependency section */

/* Begin PBXVariantGroup section */
		C99A67B81CD760720057752D /* Main.storyboard */ = {
			isa = PBXVariantGroup;
			children = (
				C99A67B91CD760720057752D /* Base */,
			);
			name = Main.storyboard;
			sourceTree = "<group>";
		};
		C99A67BD1CD760720057752D /* LaunchScreen.storyboard */ = {
			isa = PBXVariantGroup;
			children = (
				C99A67BE1CD760720057752D /* Base */,
			);
			name = LaunchScreen.storyboard;
			sourceTree = "<group>";
		};
/* End PBXVariantGroup section */

/* Begin XCBuildConfiguration section */
		C99A67D71CD760720057752D /* Debug */ = {
			isa = XCBuildConfiguration;
			buildSettings = {
				ALWAYS_SEARCH_USER_PATHS = NO;
				CLANG_ANALYZER_NONNULL = YES;
				CLANG_CXX_LANGUAGE_STANDARD = "gnu++0x";
				CLANG_CXX_LIBRARY = "libc++";
				CLANG_ENABLE_MODULES = YES;
				CLANG_ENABLE_OBJC_ARC = YES;
				CLANG_WARN_BOOL_CONVERSION = YES;
				CLANG_WARN_CONSTANT_CONVERSION = YES;
				CLANG_WARN_DIRECT_OBJC_ISA_USAGE = YES_ERROR;
				CLANG_WARN_EMPTY_BODY = YES;
				CLANG_WARN_ENUM_CONVERSION = YES;
				CLANG_WARN_INT_CONVERSION = YES;
				CLANG_WARN_OBJC_ROOT_CLASS = YES_ERROR;
				CLANG_WARN_UNREACHABLE_CODE = YES;
				CLANG_WARN__DUPLICATE_METHOD_MATCH = YES;
				"CODE_SIGN_IDENTITY[sdk=iphoneos*]" = "iPhone Developer";
				COPY_PHASE_STRIP = NO;
				DEBUG_INFORMATION_FORMAT = dwarf;
				ENABLE_STRICT_OBJC_MSGSEND = YES;
				ENABLE_TESTABILITY = YES;
				GCC_C_LANGUAGE_STANDARD = gnu99;
				GCC_DYNAMIC_NO_PIC = NO;
				GCC_NO_COMMON_BLOCKS = YES;
				GCC_OPTIMIZATION_LEVEL = 0;
				GCC_PREPROCESSOR_DEFINITIONS = (
					"DEBUG=1",
					"$(inherited)",
				);
				GCC_WARN_64_TO_32_BIT_CONVERSION = YES;
				GCC_WARN_ABOUT_RETURN_TYPE = YES_ERROR;
				GCC_WARN_UNDECLARED_SELECTOR = YES;
				GCC_WARN_UNINITIALIZED_AUTOS = YES_AGGRESSIVE;
				GCC_WARN_UNUSED_FUNCTION = YES;
				GCC_WARN_UNUSED_VARIABLE = YES;
				IPHONEOS_DEPLOYMENT_TARGET = 9.3;
				MTL_ENABLE_DEBUG_INFO = YES;
				ONLY_ACTIVE_ARCH = YES;
				SDKROOT = iphoneos;
			};
			name = Debug;
		};
		C99A67D81CD760720057752D /* Release */ = {
			isa = XCBuildConfiguration;
			buildSettings = {
				ALWAYS_SEARCH_USER_PATHS = NO;
				CLANG_ANALYZER_NONNULL = YES;
				CLANG_CXX_LANGUAGE_STANDARD = "gnu++0x";
				CLANG_CXX_LIBRARY = "libc++";
				CLANG_ENABLE_MODULES = YES;
				CLANG_ENABLE_OBJC_ARC = YES;
				CLANG_WARN_BOOL_CONVERSION = YES;
				CLANG_WARN_CONSTANT_CONVERSION = YES;
				CLANG_WARN_DIRECT_OBJC_ISA_USAGE = YES_ERROR;
				CLANG_WARN_EMPTY_BODY = YES;
				CLANG_WARN_ENUM_CONVERSION = YES;
				CLANG_WARN_INT_CONVERSION = YES;
				CLANG_WARN_OBJC_ROOT_CLASS = YES_ERROR;
				CLANG_WARN_UNREACHABLE_CODE = YES;
				CLANG_WARN__DUPLICATE_METHOD_MATCH = YES;
				"CODE_SIGN_IDENTITY[sdk=iphoneos*]" = "iPhone Developer";
				COPY_PHASE_STRIP = NO;
				DEBUG_INFORMATION_FORMAT = "dwarf-with-dsym";
				ENABLE_NS_ASSERTIONS = NO;
				ENABLE_STRICT_OBJC_MSGSEND = YES;
				GCC_C_LANGUAGE_STANDARD = gnu99;
				GCC_NO_COMMON_BLOCKS = YES;
				GCC_WARN_64_TO_32_BIT_CONVERSION = YES;
				GCC_WARN_ABOUT_RETURN_TYPE = YES_ERROR;
				GCC_WARN_UNDECLARED_SELECTOR = YES;
				GCC_WARN_UNINITIALIZED_AUTOS = YES_AGGRESSIVE;
				GCC_WARN_UNUSED_FUNCTION = YES;
				GCC_WARN_UNUSED_VARIABLE = YES;
				IPHONEOS_DEPLOYMENT_TARGET = 9.3;
				MTL_ENABLE_DEBUG_INFO = NO;
				SDKROOT = iphoneos;
				VALIDATE_PRODUCT = YES;
			};
			name = Release;
		};
		C99A67DA1CD760720057752D /* Debug */ = {
			isa = XCBuildConfiguration;
			buildSettings = {
				ASSETCATALOG_COMPILER_APPICON_NAME = AppIcon;
				INFOPLIST_FILE = autolayout/Info.plist;
				LD_RUNPATH_SEARCH_PATHS = "$(inherited) @executable_path/Frameworks";
				PRODUCT_BUNDLE_IDENTIFIER = uk.co.matt.autolayout;
				PRODUCT_NAME = "$(TARGET_NAME)";
			};
			name = Debug;
		};
		C99A67DB1CD760720057752D /* Release */ = {
			isa = XCBuildConfiguration;
			buildSettings = {
				ASSETCATALOG_COMPILER_APPICON_NAME = AppIcon;
				INFOPLIST_FILE = autolayout/Info.plist;
				LD_RUNPATH_SEARCH_PATHS = "$(inherited) @executable_path/Frameworks";
				PRODUCT_BUNDLE_IDENTIFIER = uk.co.matt.autolayout;
				PRODUCT_NAME = "$(TARGET_NAME)";
			};
			name = Release;
		};
		C99A67DD1CD760720057752D /* Debug */ = {
			isa = XCBuildConfiguration;
			buildSettings = {
				BUNDLE_LOADER = "$(TEST_HOST)";
				INFOPLIST_FILE = autolayoutTests/Info.plist;
				LD_RUNPATH_SEARCH_PATHS = "$(inherited) @executable_path/Frameworks @loader_path/Frameworks";
				PRODUCT_BUNDLE_IDENTIFIER = uk.co.matt.autolayoutTests;
				PRODUCT_NAME = "$(TARGET_NAME)";
				TEST_HOST = "$(BUILT_PRODUCTS_DIR)/autolayout.app/autolayout";
			};
			name = Debug;
		};
		C99A67DE1CD760720057752D /* Release */ = {
			isa = XCBuildConfiguration;
			buildSettings = {
				BUNDLE_LOADER = "$(TEST_HOST)";
				INFOPLIST_FILE = autolayoutTests/Info.plist;
				LD_RUNPATH_SEARCH_PATHS = "$(inherited) @executable_path/Frameworks @loader_path/Frameworks";
				PRODUCT_BUNDLE_IDENTIFIER = uk.co.matt.autolayoutTests;
				PRODUCT_NAME = "$(TARGET_NAME)";
				TEST_HOST = "$(BUILT_PRODUCTS_DIR)/autolayout.app/autolayout";
			};
			name = Release;
		};
		C99A67E01CD760720057752D /* Debug */ = {
			isa = XCBuildConfiguration;
			buildSettings = {
				INFOPLIST_FILE = autolayoutUITests/Info.plist;
				LD_RUNPATH_SEARCH_PATHS = "$(inherited) @executable_path/Frameworks @loader_path/Frameworks";
				PRODUCT_BUNDLE_IDENTIFIER = uk.co.matt.autolayoutUITests;
				PRODUCT_NAME = "$(TARGET_NAME)";
				TEST_TARGET_NAME = autolayout;
			};
			name = Debug;
		};
		C99A67E11CD760720057752D /* Release */ = {
			isa = XCBuildConfiguration;
			buildSettings = {
				INFOPLIST_FILE = autolayoutUITests/Info.plist;
				LD_RUNPATH_SEARCH_PATHS = "$(inherited) @executable_path/Frameworks @loader_path/Frameworks";
				PRODUCT_BUNDLE_IDENTIFIER = uk.co.matt.autolayoutUITests;
				PRODUCT_NAME = "$(TARGET_NAME)";
				TEST_TARGET_NAME = autolayout;
			};
			name = Release;
		};
/* End XCBuildConfiguration section */

/* Begin XCConfigurationList section */
		C99A67A71CD760720057752D /* Build configuration list for PBXProject "autolayout" */ = {
			isa = XCConfigurationList;
			buildConfigurations = (
				C99A67D71CD760720057752D /* Debug */,
				C99A67D81CD760720057752D /* Release */,
			);
			defaultConfigurationIsVisible = 0;
			defaultConfigurationName = Release;
		};
		C99A67D91CD760720057752D /* Build configuration list for PBXNativeTarget "autolayout" */ = {
			isa = XCConfigurationList;
			buildConfigurations = (
				C99A67DA1CD760720057752D /* Debug */,
				C99A67DB1CD760720057752D /* Release */,
			);
			defaultConfigurationIsVisible = 0;
		};
		C99A67DC1CD760720057752D /* Build configuration list for PBXNativeTarget "autolayoutTests" */ = {
			isa = XCConfigurationList;
			buildConfigurations = (
				C99A67DD1CD760720057752D /* Debug */,
				C99A67DE1CD760720057752D /* Release */,
			);
			defaultConfigurationIsVisible = 0;
		};
		C99A67DF1CD760720057752D /* Build configuration list for PBXNativeTarget "autolayoutUITests" */ = {
			isa = XCConfigurationList;
			buildConfigurations = (
				C99A67E01CD760720057752D /* Debug */,
				C99A67E11CD760720057752D /* Release */,
			);
			defaultConfigurationIsVisible = 0;
		};
/* End XCConfigurationList section */
	};
	rootObject = C99A67A41CD760720057752D /* Project object */;
}
